// !$*UTF8*$!
{
	archiveVersion = 1;
	classes = {
	};
	objectVersion = 50;
	objects = {

/* Begin PBXBuildFile section */
		0E670E3C217C38CA00B029B0 /* UIViewController+Identifiable.swift in Sources */ = {isa = PBXBuildFile; fileRef = 0E670E2E217C38CA00B029B0 /* UIViewController+Identifiable.swift */; };
		0E670E3D217C38CA00B029B0 /* UITableView+NewDequeue.swift in Sources */ = {isa = PBXBuildFile; fileRef = 0E670E2F217C38CA00B029B0 /* UITableView+NewDequeue.swift */; };
		0E670E3E217C38CA00B029B0 /* AppDelegate.swift in Sources */ = {isa = PBXBuildFile; fileRef = 0E670E32217C38CA00B029B0 /* AppDelegate.swift */; };
		0E670E3F217C38CA00B029B0 /* Identifiable.swift in Sources */ = {isa = PBXBuildFile; fileRef = 0E670E34217C38CA00B029B0 /* Identifiable.swift */; };
		0E670E40217C38CA00B029B0 /* Assets.xcassets in Resources */ = {isa = PBXBuildFile; fileRef = 0E670E36217C38CA00B029B0 /* Assets.xcassets */; };
		0E670E41217C38CA00B029B0 /* LaunchScreen.storyboard in Resources */ = {isa = PBXBuildFile; fileRef = 0E670E37217C38CA00B029B0 /* LaunchScreen.storyboard */; };
		0E670E42217C38CA00B029B0 /* Main.storyboard in Resources */ = {isa = PBXBuildFile; fileRef = 0E670E39217C38CA00B029B0 /* Main.storyboard */; };
		0E670E44217C395E00B029B0 /* Reachability+ConnectionStatus.swift in Sources */ = {isa = PBXBuildFile; fileRef = 0E670E43217C395E00B029B0 /* Reachability+ConnectionStatus.swift */; };
		0E670E46217C3A8700B029B0 /* APIClient.swift in Sources */ = {isa = PBXBuildFile; fileRef = 0E670E45217C3A8700B029B0 /* APIClient.swift */; };
		0E670E48217C48E100B029B0 /* ServiceTypeSelectionViewController.swift in Sources */ = {isa = PBXBuildFile; fileRef = 0E670E47217C48E100B029B0 /* ServiceTypeSelectionViewController.swift */; };
		0E670E4B217C491F00B029B0 /* ServiceTypeSelection+List.swift in Sources */ = {isa = PBXBuildFile; fileRef = 0E670E4A217C491F00B029B0 /* ServiceTypeSelection+List.swift */; };
		0E670E4D217C497100B029B0 /* ServiceTypeSelectionViewModel.swift in Sources */ = {isa = PBXBuildFile; fileRef = 0E670E4C217C497100B029B0 /* ServiceTypeSelectionViewModel.swift */; };
		0E670E4F217C4AEC00B029B0 /* ServiceTypeSelectionViewController+View.swift in Sources */ = {isa = PBXBuildFile; fileRef = 0E670E4E217C4AEC00B029B0 /* ServiceTypeSelectionViewController+View.swift */; };
		0E670E51217C4BF900B029B0 /* ServiceTypeTableViewCell.swift in Sources */ = {isa = PBXBuildFile; fileRef = 0E670E50217C4BF900B029B0 /* ServiceTypeTableViewCell.swift */; };
		0E670E53217C4CF100B029B0 /* ServiceType.swift in Sources */ = {isa = PBXBuildFile; fileRef = 0E670E52217C4CF100B029B0 /* ServiceType.swift */; };
		0E670E55217C513400B029B0 /* ServiceTypeProvider.swift in Sources */ = {isa = PBXBuildFile; fileRef = 0E670E54217C513400B029B0 /* ServiceTypeProvider.swift */; };
		0E670E5A217C588100B029B0 /* ServiceTypeMockedRouter.swift in Sources */ = {isa = PBXBuildFile; fileRef = 0E670E59217C588100B029B0 /* ServiceTypeMockedRouter.swift */; };
		0E670E5C217C6A0B00B029B0 /* AvailableServiceForInternet.swift in Sources */ = {isa = PBXBuildFile; fileRef = 0E670E5B217C6A0B00B029B0 /* AvailableServiceForInternet.swift */; };
		0E670E5E217C6A5600B029B0 /* AvailableOffer.swift in Sources */ = {isa = PBXBuildFile; fileRef = 0E670E5D217C6A5600B029B0 /* AvailableOffer.swift */; };
		0E670E61217C6B3A00B029B0 /* AvailableServicesSelectionViewController.swift in Sources */ = {isa = PBXBuildFile; fileRef = 0E670E60217C6B3A00B029B0 /* AvailableServicesSelectionViewController.swift */; };
		0E670E63217C6BD800B029B0 /* AvailableServicesSelectionViewModel.swift in Sources */ = {isa = PBXBuildFile; fileRef = 0E670E62217C6BD800B029B0 /* AvailableServicesSelectionViewModel.swift */; };
		0E670E65217C6CB500B029B0 /* AvailableServicesSelectionViewController+View.swift in Sources */ = {isa = PBXBuildFile; fileRef = 0E670E64217C6CB500B029B0 /* AvailableServicesSelectionViewController+View.swift */; };
		0E670E68217C6D5100B029B0 /* AvailableServicesRouter.swift in Sources */ = {isa = PBXBuildFile; fileRef = 0E670E67217C6D5100B029B0 /* AvailableServicesRouter.swift */; };
		0E670E6A217C6D6200B029B0 /* AvailableServicesProvider.swift in Sources */ = {isa = PBXBuildFile; fileRef = 0E670E69217C6D6200B029B0 /* AvailableServicesProvider.swift */; };
		0E670E6C217C6ED200B029B0 /* URLS.swift in Sources */ = {isa = PBXBuildFile; fileRef = 0E670E6B217C6ED200B029B0 /* URLS.swift */; };
		0E670E6E217C756A00B029B0 /* URLRequestConvertible+Router.swift in Sources */ = {isa = PBXBuildFile; fileRef = 0E670E6D217C756A00B029B0 /* URLRequestConvertible+Router.swift */; };
		0E670E70217C7A1A00B029B0 /* AvailableServiceTableViewCell.swift in Sources */ = {isa = PBXBuildFile; fileRef = 0E670E6F217C7A1A00B029B0 /* AvailableServiceTableViewCell.swift */; };
		0E670E72217C7B2E00B029B0 /* AvailableServicesSelectionViewController+List.swift in Sources */ = {isa = PBXBuildFile; fileRef = 0E670E71217C7B2E00B029B0 /* AvailableServicesSelectionViewController+List.swift */; };
		0E670E74217C7FFC00B029B0 /* AvailableServicesForPhone.swift in Sources */ = {isa = PBXBuildFile; fileRef = 0E670E73217C7FFC00B029B0 /* AvailableServicesForPhone.swift */; };
		0E670E76217C804900B029B0 /* AvailableServicesForTV.swift in Sources */ = {isa = PBXBuildFile; fileRef = 0E670E75217C804900B029B0 /* AvailableServicesForTV.swift */; };
		0E670E78217C8B0700B029B0 /* ServicesSubscriptionDraft.swift in Sources */ = {isa = PBXBuildFile; fileRef = 0E670E77217C8B0700B029B0 /* ServicesSubscriptionDraft.swift */; };
		0E670E7B217C948A00B029B0 /* SummaryViewController.swift in Sources */ = {isa = PBXBuildFile; fileRef = 0E670E7A217C948A00B029B0 /* SummaryViewController.swift */; };
		C8AB583FE26667A5AA9A3476 /* Pods_MaisServicos.framework in Frameworks */ = {isa = PBXBuildFile; fileRef = 1F7CF23F8CE946DDD504BAEA /* Pods_MaisServicos.framework */; };
/* End PBXBuildFile section */

/* Begin PBXFileReference section */
		0E3FD266217C35D3002BF1BB /* MaisServicos.app */ = {isa = PBXFileReference; explicitFileType = wrapper.application; includeInIndex = 0; path = MaisServicos.app; sourceTree = BUILT_PRODUCTS_DIR; };
		0E3FD275217C35D3002BF1BB /* Info.plist */ = {isa = PBXFileReference; lastKnownFileType = text.plist.xml; path = Info.plist; sourceTree = "<group>"; };
		0E670E2E217C38CA00B029B0 /* UIViewController+Identifiable.swift */ = {isa = PBXFileReference; fileEncoding = 4; lastKnownFileType = sourcecode.swift; path = "UIViewController+Identifiable.swift"; sourceTree = "<group>"; };
		0E670E2F217C38CA00B029B0 /* UITableView+NewDequeue.swift */ = {isa = PBXFileReference; fileEncoding = 4; lastKnownFileType = sourcecode.swift; path = "UITableView+NewDequeue.swift"; sourceTree = "<group>"; };
		0E670E32217C38CA00B029B0 /* AppDelegate.swift */ = {isa = PBXFileReference; fileEncoding = 4; lastKnownFileType = sourcecode.swift; path = AppDelegate.swift; sourceTree = "<group>"; };
		0E670E34217C38CA00B029B0 /* Identifiable.swift */ = {isa = PBXFileReference; fileEncoding = 4; lastKnownFileType = sourcecode.swift; path = Identifiable.swift; sourceTree = "<group>"; };
		0E670E36217C38CA00B029B0 /* Assets.xcassets */ = {isa = PBXFileReference; lastKnownFileType = folder.assetcatalog; path = Assets.xcassets; sourceTree = "<group>"; };
		0E670E38217C38CA00B029B0 /* Base */ = {isa = PBXFileReference; lastKnownFileType = file.storyboard; name = Base; path = Base.lproj/LaunchScreen.storyboard; sourceTree = "<group>"; };
		0E670E3A217C38CA00B029B0 /* Base */ = {isa = PBXFileReference; lastKnownFileType = file.storyboard; name = Base; path = Base.lproj/Main.storyboard; sourceTree = "<group>"; };
		0E670E43217C395E00B029B0 /* Reachability+ConnectionStatus.swift */ = {isa = PBXFileReference; lastKnownFileType = sourcecode.swift; path = "Reachability+ConnectionStatus.swift"; sourceTree = "<group>"; };
		0E670E45217C3A8700B029B0 /* APIClient.swift */ = {isa = PBXFileReference; lastKnownFileType = sourcecode.swift; path = APIClient.swift; sourceTree = "<group>"; };
		0E670E47217C48E100B029B0 /* ServiceTypeSelectionViewController.swift */ = {isa = PBXFileReference; lastKnownFileType = sourcecode.swift; path = ServiceTypeSelectionViewController.swift; sourceTree = "<group>"; };
		0E670E4A217C491F00B029B0 /* ServiceTypeSelection+List.swift */ = {isa = PBXFileReference; lastKnownFileType = sourcecode.swift; path = "ServiceTypeSelection+List.swift"; sourceTree = "<group>"; };
		0E670E4C217C497100B029B0 /* ServiceTypeSelectionViewModel.swift */ = {isa = PBXFileReference; lastKnownFileType = sourcecode.swift; path = ServiceTypeSelectionViewModel.swift; sourceTree = "<group>"; };
		0E670E4E217C4AEC00B029B0 /* ServiceTypeSelectionViewController+View.swift */ = {isa = PBXFileReference; lastKnownFileType = sourcecode.swift; path = "ServiceTypeSelectionViewController+View.swift"; sourceTree = "<group>"; };
		0E670E50217C4BF900B029B0 /* ServiceTypeTableViewCell.swift */ = {isa = PBXFileReference; lastKnownFileType = sourcecode.swift; path = ServiceTypeTableViewCell.swift; sourceTree = "<group>"; };
		0E670E52217C4CF100B029B0 /* ServiceType.swift */ = {isa = PBXFileReference; lastKnownFileType = sourcecode.swift; path = ServiceType.swift; sourceTree = "<group>"; };
		0E670E54217C513400B029B0 /* ServiceTypeProvider.swift */ = {isa = PBXFileReference; lastKnownFileType = sourcecode.swift; path = ServiceTypeProvider.swift; sourceTree = "<group>"; };
		0E670E59217C588100B029B0 /* ServiceTypeMockedRouter.swift */ = {isa = PBXFileReference; lastKnownFileType = sourcecode.swift; path = ServiceTypeMockedRouter.swift; sourceTree = "<group>"; };
		0E670E5B217C6A0B00B029B0 /* AvailableServiceForInternet.swift */ = {isa = PBXFileReference; lastKnownFileType = sourcecode.swift; path = AvailableServiceForInternet.swift; sourceTree = "<group>"; };
		0E670E5D217C6A5600B029B0 /* AvailableOffer.swift */ = {isa = PBXFileReference; lastKnownFileType = sourcecode.swift; path = AvailableOffer.swift; sourceTree = "<group>"; };
		0E670E60217C6B3A00B029B0 /* AvailableServicesSelectionViewController.swift */ = {isa = PBXFileReference; lastKnownFileType = sourcecode.swift; path = AvailableServicesSelectionViewController.swift; sourceTree = "<group>"; };
		0E670E62217C6BD800B029B0 /* AvailableServicesSelectionViewModel.swift */ = {isa = PBXFileReference; lastKnownFileType = sourcecode.swift; path = AvailableServicesSelectionViewModel.swift; sourceTree = "<group>"; };
		0E670E64217C6CB500B029B0 /* AvailableServicesSelectionViewController+View.swift */ = {isa = PBXFileReference; lastKnownFileType = sourcecode.swift; path = "AvailableServicesSelectionViewController+View.swift"; sourceTree = "<group>"; };
		0E670E67217C6D5100B029B0 /* AvailableServicesRouter.swift */ = {isa = PBXFileReference; lastKnownFileType = sourcecode.swift; path = AvailableServicesRouter.swift; sourceTree = "<group>"; };
		0E670E69217C6D6200B029B0 /* AvailableServicesProvider.swift */ = {isa = PBXFileReference; lastKnownFileType = sourcecode.swift; path = AvailableServicesProvider.swift; sourceTree = "<group>"; };
		0E670E6B217C6ED200B029B0 /* URLS.swift */ = {isa = PBXFileReference; lastKnownFileType = sourcecode.swift; path = URLS.swift; sourceTree = "<group>"; };
		0E670E6D217C756A00B029B0 /* URLRequestConvertible+Router.swift */ = {isa = PBXFileReference; lastKnownFileType = sourcecode.swift; path = "URLRequestConvertible+Router.swift"; sourceTree = "<group>"; };
		0E670E6F217C7A1A00B029B0 /* AvailableServiceTableViewCell.swift */ = {isa = PBXFileReference; lastKnownFileType = sourcecode.swift; path = AvailableServiceTableViewCell.swift; sourceTree = "<group>"; };
		0E670E71217C7B2E00B029B0 /* AvailableServicesSelectionViewController+List.swift */ = {isa = PBXFileReference; lastKnownFileType = sourcecode.swift; path = "AvailableServicesSelectionViewController+List.swift"; sourceTree = "<group>"; };
		0E670E73217C7FFC00B029B0 /* AvailableServicesForPhone.swift */ = {isa = PBXFileReference; lastKnownFileType = sourcecode.swift; path = AvailableServicesForPhone.swift; sourceTree = "<group>"; };
		0E670E75217C804900B029B0 /* AvailableServicesForTV.swift */ = {isa = PBXFileReference; lastKnownFileType = sourcecode.swift; path = AvailableServicesForTV.swift; sourceTree = "<group>"; };
		0E670E77217C8B0700B029B0 /* ServicesSubscriptionDraft.swift */ = {isa = PBXFileReference; lastKnownFileType = sourcecode.swift; path = ServicesSubscriptionDraft.swift; sourceTree = "<group>"; };
		0E670E7A217C948A00B029B0 /* SummaryViewController.swift */ = {isa = PBXFileReference; lastKnownFileType = sourcecode.swift; path = SummaryViewController.swift; sourceTree = "<group>"; };
		1F7CF23F8CE946DDD504BAEA /* Pods_MaisServicos.framework */ = {isa = PBXFileReference; explicitFileType = wrapper.framework; includeInIndex = 0; path = Pods_MaisServicos.framework; sourceTree = BUILT_PRODUCTS_DIR; };
		A65148825D5446418F66A4EF /* Pods-MaisServicos.release.xcconfig */ = {isa = PBXFileReference; includeInIndex = 1; lastKnownFileType = text.xcconfig; name = "Pods-MaisServicos.release.xcconfig"; path = "Pods/Target Support Files/Pods-MaisServicos/Pods-MaisServicos.release.xcconfig"; sourceTree = "<group>"; };
		AB2E0D57CBA7287B9F3D4AA6 /* Pods-MaisServicos.debug.xcconfig */ = {isa = PBXFileReference; includeInIndex = 1; lastKnownFileType = text.xcconfig; name = "Pods-MaisServicos.debug.xcconfig"; path = "Pods/Target Support Files/Pods-MaisServicos/Pods-MaisServicos.debug.xcconfig"; sourceTree = "<group>"; };
/* End PBXFileReference section */

/* Begin PBXFrameworksBuildPhase section */
		0E3FD263217C35D3002BF1BB /* Frameworks */ = {
			isa = PBXFrameworksBuildPhase;
			buildActionMask = 2147483647;
			files = (
				C8AB583FE26667A5AA9A3476 /* Pods_MaisServicos.framework in Frameworks */,
			);
			runOnlyForDeploymentPostprocessing = 0;
		};
/* End PBXFrameworksBuildPhase section */

/* Begin PBXGroup section */
		0E3FD25D217C35D3002BF1BB = {
			isa = PBXGroup;
			children = (
				0E3FD268217C35D3002BF1BB /* MaisServicos */,
				0E3FD267217C35D3002BF1BB /* Products */,
				98837D1FCB5052F1B0067A42 /* Pods */,
				F73783EDDD4A4BA62594CD67 /* Frameworks */,
			);
			sourceTree = "<group>";
		};
		0E3FD267217C35D3002BF1BB /* Products */ = {
			isa = PBXGroup;
			children = (
				0E3FD266217C35D3002BF1BB /* MaisServicos.app */,
			);
			name = Products;
			sourceTree = "<group>";
		};
		0E3FD268217C35D3002BF1BB /* MaisServicos */ = {
			isa = PBXGroup;
			children = (
				0E670E35217C38CA00B029B0 /* Resources */,
				0E670E29217C38CA00B029B0 /* Sources */,
				0E3FD275217C35D3002BF1BB /* Info.plist */,
			);
			path = MaisServicos;
			sourceTree = "<group>";
		};
		0E670E29217C38CA00B029B0 /* Sources */ = {
			isa = PBXGroup;
			children = (
				0E670E2D217C38CA00B029B0 /* Extensions */,
				0E670E2C217C38CA00B029B0 /* Repository */,
				0E670E30217C38CA00B029B0 /* Model */,
				0E670E31217C38CA00B029B0 /* View */,
				0E670E2A217C38CA00B029B0 /* ViewModel */,
				0E670E32217C38CA00B029B0 /* AppDelegate.swift */,
				0E670E33217C38CA00B029B0 /* Protocols */,
			);
			path = Sources;
			sourceTree = "<group>";
		};
		0E670E2A217C38CA00B029B0 /* ViewModel */ = {
			isa = PBXGroup;
			children = (
				0E670E4C217C497100B029B0 /* ServiceTypeSelectionViewModel.swift */,
				0E670E62217C6BD800B029B0 /* AvailableServicesSelectionViewModel.swift */,
			);
			path = ViewModel;
			sourceTree = "<group>";
		};
		0E670E2C217C38CA00B029B0 /* Repository */ = {
			isa = PBXGroup;
			children = (
				0E670E66217C6D3D00B029B0 /* AvailableServices */,
				0E670E58217C586600B029B0 /* ServiceType */,
				0E670E45217C3A8700B029B0 /* APIClient.swift */,
				0E670E6B217C6ED200B029B0 /* URLS.swift */,
			);
			path = Repository;
			sourceTree = "<group>";
		};
		0E670E2D217C38CA00B029B0 /* Extensions */ = {
			isa = PBXGroup;
			children = (
				0E670E2E217C38CA00B029B0 /* UIViewController+Identifiable.swift */,
				0E670E2F217C38CA00B029B0 /* UITableView+NewDequeue.swift */,
				0E670E43217C395E00B029B0 /* Reachability+ConnectionStatus.swift */,
				0E670E6D217C756A00B029B0 /* URLRequestConvertible+Router.swift */,
			);
			path = Extensions;
			sourceTree = "<group>";
		};
		0E670E30217C38CA00B029B0 /* Model */ = {
			isa = PBXGroup;
			children = (
				0E670E52217C4CF100B029B0 /* ServiceType.swift */,
				0E670E5B217C6A0B00B029B0 /* AvailableServiceForInternet.swift */,
				0E670E5D217C6A5600B029B0 /* AvailableOffer.swift */,
				0E670E73217C7FFC00B029B0 /* AvailableServicesForPhone.swift */,
				0E670E75217C804900B029B0 /* AvailableServicesForTV.swift */,
				0E670E77217C8B0700B029B0 /* ServicesSubscriptionDraft.swift */,
			);
			path = Model;
			sourceTree = "<group>";
		};
		0E670E31217C38CA00B029B0 /* View */ = {
			isa = PBXGroup;
			children = (
				0E670E79217C946900B029B0 /* Summary */,
				0E670E5F217C6B1100B029B0 /* AvailableServicesSelection */,
				0E670E49217C48ED00B029B0 /* ServiceTypeSelection */,
			);
			path = View;
			sourceTree = "<group>";
		};
		0E670E33217C38CA00B029B0 /* Protocols */ = {
			isa = PBXGroup;
			children = (
				0E670E34217C38CA00B029B0 /* Identifiable.swift */,
			);
			path = Protocols;
			sourceTree = "<group>";
		};
		0E670E35217C38CA00B029B0 /* Resources */ = {
			isa = PBXGroup;
			children = (
				0E670E36217C38CA00B029B0 /* Assets.xcassets */,
				0E670E37217C38CA00B029B0 /* LaunchScreen.storyboard */,
				0E670E39217C38CA00B029B0 /* Main.storyboard */,
			);
			path = Resources;
			sourceTree = "<group>";
		};
		0E670E49217C48ED00B029B0 /* ServiceTypeSelection */ = {
			isa = PBXGroup;
			children = (
				0E670E47217C48E100B029B0 /* ServiceTypeSelectionViewController.swift */,
				0E670E4A217C491F00B029B0 /* ServiceTypeSelection+List.swift */,
				0E670E4E217C4AEC00B029B0 /* ServiceTypeSelectionViewController+View.swift */,
				0E670E50217C4BF900B029B0 /* ServiceTypeTableViewCell.swift */,
			);
			path = ServiceTypeSelection;
			sourceTree = "<group>";
		};
		0E670E58217C586600B029B0 /* ServiceType */ = {
			isa = PBXGroup;
			children = (
				0E670E54217C513400B029B0 /* ServiceTypeProvider.swift */,
				0E670E59217C588100B029B0 /* ServiceTypeMockedRouter.swift */,
			);
			path = ServiceType;
			sourceTree = "<group>";
		};
		0E670E5F217C6B1100B029B0 /* AvailableServicesSelection */ = {
			isa = PBXGroup;
			children = (
				0E670E60217C6B3A00B029B0 /* AvailableServicesSelectionViewController.swift */,
				0E670E64217C6CB500B029B0 /* AvailableServicesSelectionViewController+View.swift */,
				0E670E6F217C7A1A00B029B0 /* AvailableServiceTableViewCell.swift */,
				0E670E71217C7B2E00B029B0 /* AvailableServicesSelectionViewController+List.swift */,
			);
			path = AvailableServicesSelection;
			sourceTree = "<group>";
		};
		0E670E66217C6D3D00B029B0 /* AvailableServices */ = {
			isa = PBXGroup;
			children = (
				0E670E67217C6D5100B029B0 /* AvailableServicesRouter.swift */,
				0E670E69217C6D6200B029B0 /* AvailableServicesProvider.swift */,
			);
			path = AvailableServices;
			sourceTree = "<group>";
		};
		0E670E79217C946900B029B0 /* Summary */ = {
			isa = PBXGroup;
			children = (
				0E670E7A217C948A00B029B0 /* SummaryViewController.swift */,
			);
			path = Summary;
			sourceTree = "<group>";
		};
		98837D1FCB5052F1B0067A42 /* Pods */ = {
			isa = PBXGroup;
			children = (
				AB2E0D57CBA7287B9F3D4AA6 /* Pods-MaisServicos.debug.xcconfig */,
				A65148825D5446418F66A4EF /* Pods-MaisServicos.release.xcconfig */,
			);
			name = Pods;
			sourceTree = "<group>";
		};
		F73783EDDD4A4BA62594CD67 /* Frameworks */ = {
			isa = PBXGroup;
			children = (
				1F7CF23F8CE946DDD504BAEA /* Pods_MaisServicos.framework */,
			);
			name = Frameworks;
			sourceTree = "<group>";
		};
/* End PBXGroup section */

/* Begin PBXNativeTarget section */
		0E3FD265217C35D3002BF1BB /* MaisServicos */ = {
			isa = PBXNativeTarget;
			buildConfigurationList = 0E3FD278217C35D3002BF1BB /* Build configuration list for PBXNativeTarget "MaisServicos" */;
			buildPhases = (
				91B0E538F173C8989DDB3DC7 /* [CP] Check Pods Manifest.lock */,
				0E3FD262217C35D3002BF1BB /* Sources */,
				0E3FD263217C35D3002BF1BB /* Frameworks */,
				0E3FD264217C35D3002BF1BB /* Resources */,
				4FE3772794E4BF019F2905A2 /* [CP] Embed Pods Frameworks */,
			);
			buildRules = (
			);
			dependencies = (
			);
			name = MaisServicos;
			productName = MaisServicos;
			productReference = 0E3FD266217C35D3002BF1BB /* MaisServicos.app */;
			productType = "com.apple.product-type.application";
		};
/* End PBXNativeTarget section */

/* Begin PBXProject section */
		0E3FD25E217C35D3002BF1BB /* Project object */ = {
			isa = PBXProject;
			attributes = {
				LastSwiftUpdateCheck = 1000;
				LastUpgradeCheck = 1000;
				ORGANIZATIONNAME = "Guilherme Antunes";
				TargetAttributes = {
					0E3FD265217C35D3002BF1BB = {
						CreatedOnToolsVersion = 10.0;
					};
				};
			};
			buildConfigurationList = 0E3FD261217C35D3002BF1BB /* Build configuration list for PBXProject "MaisServicos" */;
			compatibilityVersion = "Xcode 9.3";
			developmentRegion = en;
			hasScannedForEncodings = 0;
			knownRegions = (
				en,
				Base,
			);
			mainGroup = 0E3FD25D217C35D3002BF1BB;
			productRefGroup = 0E3FD267217C35D3002BF1BB /* Products */;
			projectDirPath = "";
			projectRoot = "";
			targets = (
				0E3FD265217C35D3002BF1BB /* MaisServicos */,
			);
		};
/* End PBXProject section */

/* Begin PBXResourcesBuildPhase section */
		0E3FD264217C35D3002BF1BB /* Resources */ = {
			isa = PBXResourcesBuildPhase;
			buildActionMask = 2147483647;
			files = (
				0E670E42217C38CA00B029B0 /* Main.storyboard in Resources */,
				0E670E40217C38CA00B029B0 /* Assets.xcassets in Resources */,
				0E670E41217C38CA00B029B0 /* LaunchScreen.storyboard in Resources */,
			);
			runOnlyForDeploymentPostprocessing = 0;
		};
/* End PBXResourcesBuildPhase section */

/* Begin PBXShellScriptBuildPhase section */
		4FE3772794E4BF019F2905A2 /* [CP] Embed Pods Frameworks */ = {
			isa = PBXShellScriptBuildPhase;
			buildActionMask = 2147483647;
			files = (
			);
			inputPaths = (
				"${SRCROOT}/Pods/Target Support Files/Pods-MaisServicos/Pods-MaisServicos-frameworks.sh",
				"${BUILT_PRODUCTS_DIR}/Alamofire/Alamofire.framework",
				"${BUILT_PRODUCTS_DIR}/PromisesObjC/FBLPromises.framework",
				"${BUILT_PRODUCTS_DIR}/PromisesSwift/Promises.framework",
				"${BUILT_PRODUCTS_DIR}/ReachabilitySwift/Reachability.framework",
				"${BUILT_PRODUCTS_DIR}/lottie-ios/Lottie.framework",
			);
			name = "[CP] Embed Pods Frameworks";
			outputPaths = (
				"${TARGET_BUILD_DIR}/${FRAMEWORKS_FOLDER_PATH}/Alamofire.framework",
				"${TARGET_BUILD_DIR}/${FRAMEWORKS_FOLDER_PATH}/FBLPromises.framework",
				"${TARGET_BUILD_DIR}/${FRAMEWORKS_FOLDER_PATH}/Promises.framework",
				"${TARGET_BUILD_DIR}/${FRAMEWORKS_FOLDER_PATH}/Reachability.framework",
				"${TARGET_BUILD_DIR}/${FRAMEWORKS_FOLDER_PATH}/Lottie.framework",
			);
			runOnlyForDeploymentPostprocessing = 0;
			shellPath = /bin/sh;
			shellScript = "\"${SRCROOT}/Pods/Target Support Files/Pods-MaisServicos/Pods-MaisServicos-frameworks.sh\"\n";
			showEnvVarsInLog = 0;
		};
		91B0E538F173C8989DDB3DC7 /* [CP] Check Pods Manifest.lock */ = {
			isa = PBXShellScriptBuildPhase;
			buildActionMask = 2147483647;
			files = (
			);
			inputPaths = (
				"${PODS_PODFILE_DIR_PATH}/Podfile.lock",
				"${PODS_ROOT}/Manifest.lock",
			);
			name = "[CP] Check Pods Manifest.lock";
			outputPaths = (
				"$(DERIVED_FILE_DIR)/Pods-MaisServicos-checkManifestLockResult.txt",
			);
			runOnlyForDeploymentPostprocessing = 0;
			shellPath = /bin/sh;
			shellScript = "diff \"${PODS_PODFILE_DIR_PATH}/Podfile.lock\" \"${PODS_ROOT}/Manifest.lock\" > /dev/null\nif [ $? != 0 ] ; then\n    # print error to STDERR\n    echo \"error: The sandbox is not in sync with the Podfile.lock. Run 'pod install' or update your CocoaPods installation.\" >&2\n    exit 1\nfi\n# This output is used by Xcode 'outputs' to avoid re-running this script phase.\necho \"SUCCESS\" > \"${SCRIPT_OUTPUT_FILE_0}\"\n";
			showEnvVarsInLog = 0;
		};
/* End PBXShellScriptBuildPhase section */

/* Begin PBXSourcesBuildPhase section */
		0E3FD262217C35D3002BF1BB /* Sources */ = {
			isa = PBXSourcesBuildPhase;
			buildActionMask = 2147483647;
			files = (
				0E670E5A217C588100B029B0 /* ServiceTypeMockedRouter.swift in Sources */,
				0E670E72217C7B2E00B029B0 /* AvailableServicesSelectionViewController+List.swift in Sources */,
				0E670E4F217C4AEC00B029B0 /* ServiceTypeSelectionViewController+View.swift in Sources */,
				0E670E5E217C6A5600B029B0 /* AvailableOffer.swift in Sources */,
				0E670E70217C7A1A00B029B0 /* AvailableServiceTableViewCell.swift in Sources */,
				0E670E3F217C38CA00B029B0 /* Identifiable.swift in Sources */,
				0E670E3C217C38CA00B029B0 /* UIViewController+Identifiable.swift in Sources */,
				0E670E5C217C6A0B00B029B0 /* AvailableServiceForInternet.swift in Sources */,
				0E670E6E217C756A00B029B0 /* URLRequestConvertible+Router.swift in Sources */,
				0E670E4B217C491F00B029B0 /* ServiceTypeSelection+List.swift in Sources */,
				0E670E51217C4BF900B029B0 /* ServiceTypeTableViewCell.swift in Sources */,
				0E670E3E217C38CA00B029B0 /* AppDelegate.swift in Sources */,
				0E670E76217C804900B029B0 /* AvailableServicesForTV.swift in Sources */,
				0E670E48217C48E100B029B0 /* ServiceTypeSelectionViewController.swift in Sources */,
				0E670E55217C513400B029B0 /* ServiceTypeProvider.swift in Sources */,
				0E670E65217C6CB500B029B0 /* AvailableServicesSelectionViewController+View.swift in Sources */,
				0E670E6A217C6D6200B029B0 /* AvailableServicesProvider.swift in Sources */,
				0E670E44217C395E00B029B0 /* Reachability+ConnectionStatus.swift in Sources */,
				0E670E3D217C38CA00B029B0 /* UITableView+NewDequeue.swift in Sources */,
				0E670E6C217C6ED200B029B0 /* URLS.swift in Sources */,
				0E670E78217C8B0700B029B0 /* ServicesSubscriptionDraft.swift in Sources */,
				0E670E7B217C948A00B029B0 /* SummaryViewController.swift in Sources */,
				0E670E4D217C497100B029B0 /* ServiceTypeSelectionViewModel.swift in Sources */,
				0E670E61217C6B3A00B029B0 /* AvailableServicesSelectionViewController.swift in Sources */,
				0E670E46217C3A8700B029B0 /* APIClient.swift in Sources */,
				0E670E74217C7FFC00B029B0 /* AvailableServicesForPhone.swift in Sources */,
				0E670E63217C6BD800B029B0 /* AvailableServicesSelectionViewModel.swift in Sources */,
				0E670E68217C6D5100B029B0 /* AvailableServicesRouter.swift in Sources */,
				0E670E53217C4CF100B029B0 /* ServiceType.swift in Sources */,
			);
			runOnlyForDeploymentPostprocessing = 0;
		};
/* End PBXSourcesBuildPhase section */

/* Begin PBXVariantGroup section */
		0E670E37217C38CA00B029B0 /* LaunchScreen.storyboard */ = {
			isa = PBXVariantGroup;
			children = (
				0E670E38217C38CA00B029B0 /* Base */,
			);
			name = LaunchScreen.storyboard;
			sourceTree = "<group>";
		};
		0E670E39217C38CA00B029B0 /* Main.storyboard */ = {
			isa = PBXVariantGroup;
			children = (
				0E670E3A217C38CA00B029B0 /* Base */,
			);
			name = Main.storyboard;
			sourceTree = "<group>";
		};
/* End PBXVariantGroup section */

/* Begin XCBuildConfiguration section */
		0E3FD276217C35D3002BF1BB /* Debug */ = {
			isa = XCBuildConfiguration;
			buildSettings = {
				ALWAYS_SEARCH_USER_PATHS = NO;
				CLANG_ANALYZER_NONNULL = YES;
				CLANG_ANALYZER_NUMBER_OBJECT_CONVERSION = YES_AGGRESSIVE;
				CLANG_CXX_LANGUAGE_STANDARD = "gnu++14";
				CLANG_CXX_LIBRARY = "libc++";
				CLANG_ENABLE_MODULES = YES;
				CLANG_ENABLE_OBJC_ARC = YES;
				CLANG_ENABLE_OBJC_WEAK = YES;
				CLANG_WARN_BLOCK_CAPTURE_AUTORELEASING = YES;
				CLANG_WARN_BOOL_CONVERSION = YES;
				CLANG_WARN_COMMA = YES;
				CLANG_WARN_CONSTANT_CONVERSION = YES;
				CLANG_WARN_DEPRECATED_OBJC_IMPLEMENTATIONS = YES;
				CLANG_WARN_DIRECT_OBJC_ISA_USAGE = YES_ERROR;
				CLANG_WARN_DOCUMENTATION_COMMENTS = YES;
				CLANG_WARN_EMPTY_BODY = YES;
				CLANG_WARN_ENUM_CONVERSION = YES;
				CLANG_WARN_INFINITE_RECURSION = YES;
				CLANG_WARN_INT_CONVERSION = YES;
				CLANG_WARN_NON_LITERAL_NULL_CONVERSION = YES;
				CLANG_WARN_OBJC_IMPLICIT_RETAIN_SELF = YES;
				CLANG_WARN_OBJC_LITERAL_CONVERSION = YES;
				CLANG_WARN_OBJC_ROOT_CLASS = YES_ERROR;
				CLANG_WARN_RANGE_LOOP_ANALYSIS = YES;
				CLANG_WARN_STRICT_PROTOTYPES = YES;
				CLANG_WARN_SUSPICIOUS_MOVE = YES;
				CLANG_WARN_UNGUARDED_AVAILABILITY = YES_AGGRESSIVE;
				CLANG_WARN_UNREACHABLE_CODE = YES;
				CLANG_WARN__DUPLICATE_METHOD_MATCH = YES;
				CODE_SIGN_IDENTITY = "iPhone Developer";
				COPY_PHASE_STRIP = NO;
				DEBUG_INFORMATION_FORMAT = dwarf;
				ENABLE_STRICT_OBJC_MSGSEND = YES;
				ENABLE_TESTABILITY = YES;
				GCC_C_LANGUAGE_STANDARD = gnu11;
				GCC_DYNAMIC_NO_PIC = NO;
				GCC_NO_COMMON_BLOCKS = YES;
				GCC_OPTIMIZATION_LEVEL = 0;
				GCC_PREPROCESSOR_DEFINITIONS = (
					"DEBUG=1",
					"$(inherited)",
				);
				GCC_WARN_64_TO_32_BIT_CONVERSION = YES;
				GCC_WARN_ABOUT_RETURN_TYPE = YES_ERROR;
				GCC_WARN_UNDECLARED_SELECTOR = YES;
				GCC_WARN_UNINITIALIZED_AUTOS = YES_AGGRESSIVE;
				GCC_WARN_UNUSED_FUNCTION = YES;
				GCC_WARN_UNUSED_VARIABLE = YES;
				IPHONEOS_DEPLOYMENT_TARGET = 12.0;
				MTL_ENABLE_DEBUG_INFO = INCLUDE_SOURCE;
				MTL_FAST_MATH = YES;
				ONLY_ACTIVE_ARCH = YES;
				SDKROOT = iphoneos;
				SWIFT_ACTIVE_COMPILATION_CONDITIONS = DEBUG;
				SWIFT_OPTIMIZATION_LEVEL = "-Onone";
			};
			name = Debug;
		};
		0E3FD277217C35D3002BF1BB /* Release */ = {
			isa = XCBuildConfiguration;
			buildSettings = {
				ALWAYS_SEARCH_USER_PATHS = NO;
				CLANG_ANALYZER_NONNULL = YES;
				CLANG_ANALYZER_NUMBER_OBJECT_CONVERSION = YES_AGGRESSIVE;
				CLANG_CXX_LANGUAGE_STANDARD = "gnu++14";
				CLANG_CXX_LIBRARY = "libc++";
				CLANG_ENABLE_MODULES = YES;
				CLANG_ENABLE_OBJC_ARC = YES;
				CLANG_ENABLE_OBJC_WEAK = YES;
				CLANG_WARN_BLOCK_CAPTURE_AUTORELEASING = YES;
				CLANG_WARN_BOOL_CONVERSION = YES;
				CLANG_WARN_COMMA = YES;
				CLANG_WARN_CONSTANT_CONVERSION = YES;
				CLANG_WARN_DEPRECATED_OBJC_IMPLEMENTATIONS = YES;
				CLANG_WARN_DIRECT_OBJC_ISA_USAGE = YES_ERROR;
				CLANG_WARN_DOCUMENTATION_COMMENTS = YES;
				CLANG_WARN_EMPTY_BODY = YES;
				CLANG_WARN_ENUM_CONVERSION = YES;
				CLANG_WARN_INFINITE_RECURSION = YES;
				CLANG_WARN_INT_CONVERSION = YES;
				CLANG_WARN_NON_LITERAL_NULL_CONVERSION = YES;
				CLANG_WARN_OBJC_IMPLICIT_RETAIN_SELF = YES;
				CLANG_WARN_OBJC_LITERAL_CONVERSION = YES;
				CLANG_WARN_OBJC_ROOT_CLASS = YES_ERROR;
				CLANG_WARN_RANGE_LOOP_ANALYSIS = YES;
				CLANG_WARN_STRICT_PROTOTYPES = YES;
				CLANG_WARN_SUSPICIOUS_MOVE = YES;
				CLANG_WARN_UNGUARDED_AVAILABILITY = YES_AGGRESSIVE;
				CLANG_WARN_UNREACHABLE_CODE = YES;
				CLANG_WARN__DUPLICATE_METHOD_MATCH = YES;
				CODE_SIGN_IDENTITY = "iPhone Developer";
				COPY_PHASE_STRIP = NO;
				DEBUG_INFORMATION_FORMAT = "dwarf-with-dsym";
				ENABLE_NS_ASSERTIONS = NO;
				ENABLE_STRICT_OBJC_MSGSEND = YES;
				GCC_C_LANGUAGE_STANDARD = gnu11;
				GCC_NO_COMMON_BLOCKS = YES;
				GCC_WARN_64_TO_32_BIT_CONVERSION = YES;
				GCC_WARN_ABOUT_RETURN_TYPE = YES_ERROR;
				GCC_WARN_UNDECLARED_SELECTOR = YES;
				GCC_WARN_UNINITIALIZED_AUTOS = YES_AGGRESSIVE;
				GCC_WARN_UNUSED_FUNCTION = YES;
				GCC_WARN_UNUSED_VARIABLE = YES;
				IPHONEOS_DEPLOYMENT_TARGET = 12.0;
				MTL_ENABLE_DEBUG_INFO = NO;
				MTL_FAST_MATH = YES;
				SDKROOT = iphoneos;
				SWIFT_COMPILATION_MODE = wholemodule;
				SWIFT_OPTIMIZATION_LEVEL = "-O";
				VALIDATE_PRODUCT = YES;
			};
			name = Release;
		};
		0E3FD279217C35D3002BF1BB /* Debug */ = {
			isa = XCBuildConfiguration;
			baseConfigurationReference = AB2E0D57CBA7287B9F3D4AA6 /* Pods-MaisServicos.debug.xcconfig */;
			buildSettings = {
				ASSETCATALOG_COMPILER_APPICON_NAME = AppIcon;
				CODE_SIGN_STYLE = Automatic;
				DEVELOPMENT_TEAM = 7AH86L34EQ;
				INFOPLIST_FILE = MaisServicos/Info.plist;
				LD_RUNPATH_SEARCH_PATHS = (
					"$(inherited)",
					"@executable_path/Frameworks",
				);
				PRODUCT_BUNDLE_IDENTIFIER = com.guihsoft.MaisServicos;
				PRODUCT_NAME = "$(TARGET_NAME)";
				SWIFT_VERSION = 4.2;
				TARGETED_DEVICE_FAMILY = "1,2";
			};
			name = Debug;
		};
		0E3FD27A217C35D3002BF1BB /* Release */ = {
			isa = XCBuildConfiguration;
			baseConfigurationReference = A65148825D5446418F66A4EF /* Pods-MaisServicos.release.xcconfig */;
			buildSettings = {
				ASSETCATALOG_COMPILER_APPICON_NAME = AppIcon;
				CODE_SIGN_STYLE = Automatic;
				DEVELOPMENT_TEAM = 7AH86L34EQ;
				INFOPLIST_FILE = MaisServicos/Info.plist;
				LD_RUNPATH_SEARCH_PATHS = (
					"$(inherited)",
					"@executable_path/Frameworks",
				);
				PRODUCT_BUNDLE_IDENTIFIER = com.guihsoft.MaisServicos;
				PRODUCT_NAME = "$(TARGET_NAME)";
				SWIFT_VERSION = 4.2;
				TARGETED_DEVICE_FAMILY = "1,2";
			};
			name = Release;
		};
/* End XCBuildConfiguration section */

/* Begin XCConfigurationList section */
		0E3FD261217C35D3002BF1BB /* Build configuration list for PBXProject "MaisServicos" */ = {
			isa = XCConfigurationList;
			buildConfigurations = (
				0E3FD276217C35D3002BF1BB /* Debug */,
				0E3FD277217C35D3002BF1BB /* Release */,
			);
			defaultConfigurationIsVisible = 0;
			defaultConfigurationName = Release;
		};
		0E3FD278217C35D3002BF1BB /* Build configuration list for PBXNativeTarget "MaisServicos" */ = {
			isa = XCConfigurationList;
			buildConfigurations = (
				0E3FD279217C35D3002BF1BB /* Debug */,
				0E3FD27A217C35D3002BF1BB /* Release */,
			);
			defaultConfigurationIsVisible = 0;
			defaultConfigurationName = Release;
		};
/* End XCConfigurationList section */
	};
	rootObject = 0E3FD25E217C35D3002BF1BB /* Project object */;
}
